
Microsoft Visual Studio Solution File, Format Version 12.00
# Visual Studio Version 17
VisualStudioVersion = 17.2.32317.152
MinimumVisualStudioVersion = 10.0.40219.1
Project("{9A19103F-16F7-4668-BE54-9A1E7A4F7556}") = "backend", "backend\backend.csproj", "{67FEDCC5-06F8-46EC-883A-CC497F743800}"
EndProject
Project("{00D1A9C2-B5F0-4AF3-8072-F6C62B433612}") = "PizzaMakerDatabase", "PizzaMakerDatabase\PizzaMakerDatabase.sqlproj", "{089F60AB-FF12-4ABA-BF57-B01C935D37A1}"
EndProject
Project("{FAE04EC0-301F-11D3-BF4B-00C04F79EFBC}") = "BackOffice", "BackOffice\BackOffice.csproj", "{DE94B681-54B6-462F-97B9-F2FFBE4A67DB}"
EndProject
Project("{FAE04EC0-301F-11D3-BF4B-00C04F79EFBC}") = "FrontOffice", "FrontOffice\FrontOffice.csproj", "{B50405B9-9112-4807-AFD2-A211AB076CFA}"
EndProject
Global
	GlobalSection(SolutionConfigurationPlatforms) = preSolution
		Debug|Any CPU = Debug|Any CPU
		Release|Any CPU = Release|Any CPU
	EndGlobalSection
	GlobalSection(ProjectConfigurationPlatforms) = postSolution
		{67FEDCC5-06F8-46EC-883A-CC497F743800}.Debug|Any CPU.ActiveCfg = Debug|Any CPU
		{67FEDCC5-06F8-46EC-883A-CC497F743800}.Debug|Any CPU.Build.0 = Debug|Any CPU
		{67FEDCC5-06F8-46EC-883A-CC497F743800}.Release|Any CPU.ActiveCfg = Release|Any CPU
		{67FEDCC5-06F8-46EC-883A-CC497F743800}.Release|Any CPU.Build.0 = Release|Any CPU
		{089F60AB-FF12-4ABA-BF57-B01C935D37A1}.Debug|Any CPU.ActiveCfg = Debug|Any CPU
		{089F60AB-FF12-4ABA-BF57-B01C935D37A1}.Debug|Any CPU.Build.0 = Debug|Any CPU
		{089F60AB-FF12-4ABA-BF57-B01C935D37A1}.Debug|Any CPU.Deploy.0 = Debug|Any CPU
		{089F60AB-FF12-4ABA-BF57-B01C935D37A1}.Release|Any CPU.ActiveCfg = Release|Any CPU
		{089F60AB-FF12-4ABA-BF57-B01C935D37A1}.Release|Any CPU.Build.0 = Release|Any CPU
		{089F60AB-FF12-4ABA-BF57-B01C935D37A1}.Release|Any CPU.Deploy.0 = Release|Any CPU
		{DE94B681-54B6-462F-97B9-F2FFBE4A67DB}.Debug|Any CPU.ActiveCfg = Debug|Any CPU
		{DE94B681-54B6-462F-97B9-F2FFBE4A67DB}.Debug|Any CPU.Build.0 = Debug|Any CPU
		{DE94B681-54B6-462F-97B9-F2FFBE4A67DB}.Debug|Any CPU.Deploy.0 = Debug|Any CPU
		{DE94B681-54B6-462F-97B9-F2FFBE4A67DB}.Release|Any CPU.ActiveCfg = Release|Any CPU
		{DE94B681-54B6-462F-97B9-F2FFBE4A67DB}.Release|Any CPU.Build.0 = Release|Any CPU
		{DE94B681-54B6-462F-97B9-F2FFBE4A67DB}.Release|Any CPU.Deploy.0 = Release|Any CPU
		{B50405B9-9112-4807-AFD2-A211AB076CFA}.Debug|Any CPU.ActiveCfg = Debug|Any CPU
		{B50405B9-9112-4807-AFD2-A211AB076CFA}.Debug|Any CPU.Build.0 = Debug|Any CPU
		{B50405B9-9112-4807-AFD2-A211AB076CFA}.Debug|Any CPU.Deploy.0 = Debug|Any CPU
		{B50405B9-9112-4807-AFD2-A211AB076CFA}.Release|Any CPU.ActiveCfg = Release|Any CPU
		{B50405B9-9112-4807-AFD2-A211AB076CFA}.Release|Any CPU.Build.0 = Release|Any CPU
		{B50405B9-9112-4807-AFD2-A211AB076CFA}.Release|Any CPU.Deploy.0 = Release|Any CPU
	EndGlobalSection
	GlobalSection(SolutionProperties) = preSolution
		HideSolutionNode = FALSE
	EndGlobalSection
	GlobalSection(ExtensibilityGlobals) = postSolution
		SolutionGuid = {76798606-97C6-4DD4-8601-B94DC4017F2F}
	EndGlobalSection
EndGlobal
